
Microsoft Visual Studio Solution File, Format Version 12.00
# Visual Studio 2012
Project("{FAE04EC0-301F-11D3-BF4B-00C04F79EFBC}") = "WebApplication4", "WebApplication4\WebApplication4.csproj", "{1A8425BE-A3AF-40D2-882B-4A8A61C6250E}"
EndProject
Global
	GlobalSection(SolutionConfigurationPlatforms) = preSolution
		Debug|Any CPU = Debug|Any CPU
		Release|Any CPU = Release|Any CPU
	EndGlobalSection
	GlobalSection(ProjectConfigurationPlatforms) = postSolution
		{1A8425BE-A3AF-40D2-882B-4A8A61C6250E}.Debug|Any CPU.ActiveCfg = Debug|Any CPU
		{1A8425BE-A3AF-40D2-882B-4A8A61C6250E}.Debug|Any CPU.Build.0 = Debug|Any CPU
		{1A8425BE-A3AF-40D2-882B-4A8A61C6250E}.Release|Any CPU.ActiveCfg = Release|Any CPU
		{1A8425BE-A3AF-40D2-882B-4A8A61C6250E}.Release|Any CPU.Build.0 = Release|Any CPU
	EndGlobalSection
	GlobalSection(SolutionProperties) = preSolution
		HideSolutionNode = FALSE
	EndGlobalSection
EndGlobal
